
Microsoft Visual Studio Solution File, Format Version 12.00
# Visual Studio 15
VisualStudioVersion = 15.0.27130.2010
MinimumVisualStudioVersion = 10.0.40219.1
Project("{9A19103F-16F7-4668-BE54-9A1E7A4F7556}") = "IDI.Digiccy.Models", "IDI.Digiccy.Models\IDI.Digiccy.Models.csproj", "{F39EC03C-09D6-4C85-A62C-DEAC3718D73D}"
EndProject
Project("{9A19103F-16F7-4668-BE54-9A1E7A4F7556}") = "IDI.Digiccy.Common", "IDI.Digiccy.Common\IDI.Digiccy.Common.csproj", "{1A4D3F26-C4D2-4A11-97D4-13CCCE556B94}"
EndProject
Project("{9A19103F-16F7-4668-BE54-9A1E7A4F7556}") = "IDI.Digiccy.Domain", "IDI.Digiccy.Domain\IDI.Digiccy.Domain.csproj", "{D55C35CF-9E52-4CEB-928D-E08E97946DA6}"
EndProject
Project("{9A19103F-16F7-4668-BE54-9A1E7A4F7556}") = "IDI.Digiccy.Domain.Tests", "IDI.Digiccy.Domain.Tests\IDI.Digiccy.Domain.Tests.csproj", "{F9ACD98E-17CF-42E6-9526-791B9AC63688}"
EndProject
Project("{9A19103F-16F7-4668-BE54-9A1E7A4F7556}") = "IDI.Digiccy.Transaction.Service", "IDI.Digiccy.Transaction.Service\IDI.Digiccy.Transaction.Service.csproj", "{1CE1864F-75BB-4F47-9B90-A7FA40832F6C}"
EndProject
Project("{2150E333-8FDC-42A3-9474-1A3956D46DE8}") = "02.Digiccy", "02.Digiccy", "{C56D4486-D4EE-4CD8-BCBD-3F664F2039ED}"
EndProject
Project("{2150E333-8FDC-42A3-9474-1A3956D46DE8}") = "01.Framework", "01.Framework", "{09B17343-0D24-42E5-BC09-5521A87787A4}"
EndProject
Project("{9A19103F-16F7-4668-BE54-9A1E7A4F7556}") = "IDI.Core", "IDI.Core\IDI.Core.csproj", "{19692AC2-8391-4832-ABB6-9E13059E015C}"
EndProject
Project("{9A19103F-16F7-4668-BE54-9A1E7A4F7556}") = "IDI.Digiccy.Transaction.Client", "IDI.Digiccy.Transaction.Client\IDI.Digiccy.Transaction.Client.csproj", "{68AE749C-1EF1-48F1-891B-A984672050C7}"
EndProject
Global
	GlobalSection(SolutionConfigurationPlatforms) = preSolution
		Debug|Any CPU = Debug|Any CPU
		Release|Any CPU = Release|Any CPU
	EndGlobalSection
	GlobalSection(ProjectConfigurationPlatforms) = postSolution
		{F39EC03C-09D6-4C85-A62C-DEAC3718D73D}.Debug|Any CPU.ActiveCfg = Debug|Any CPU
		{F39EC03C-09D6-4C85-A62C-DEAC3718D73D}.Debug|Any CPU.Build.0 = Debug|Any CPU
		{F39EC03C-09D6-4C85-A62C-DEAC3718D73D}.Release|Any CPU.ActiveCfg = Release|Any CPU
		{F39EC03C-09D6-4C85-A62C-DEAC3718D73D}.Release|Any CPU.Build.0 = Release|Any CPU
		{1A4D3F26-C4D2-4A11-97D4-13CCCE556B94}.Debug|Any CPU.ActiveCfg = Debug|Any CPU
		{1A4D3F26-C4D2-4A11-97D4-13CCCE556B94}.Debug|Any CPU.Build.0 = Debug|Any CPU
		{1A4D3F26-C4D2-4A11-97D4-13CCCE556B94}.Release|Any CPU.ActiveCfg = Release|Any CPU
		{1A4D3F26-C4D2-4A11-97D4-13CCCE556B94}.Release|Any CPU.Build.0 = Release|Any CPU
		{D55C35CF-9E52-4CEB-928D-E08E97946DA6}.Debug|Any CPU.ActiveCfg = Debug|Any CPU
		{D55C35CF-9E52-4CEB-928D-E08E97946DA6}.Debug|Any CPU.Build.0 = Debug|Any CPU
		{D55C35CF-9E52-4CEB-928D-E08E97946DA6}.Release|Any CPU.ActiveCfg = Release|Any CPU
		{D55C35CF-9E52-4CEB-928D-E08E97946DA6}.Release|Any CPU.Build.0 = Release|Any CPU
		{F9ACD98E-17CF-42E6-9526-791B9AC63688}.Debug|Any CPU.ActiveCfg = Debug|Any CPU
		{F9ACD98E-17CF-42E6-9526-791B9AC63688}.Debug|Any CPU.Build.0 = Debug|Any CPU
		{F9ACD98E-17CF-42E6-9526-791B9AC63688}.Release|Any CPU.ActiveCfg = Release|Any CPU
		{F9ACD98E-17CF-42E6-9526-791B9AC63688}.Release|Any CPU.Build.0 = Release|Any CPU
		{1CE1864F-75BB-4F47-9B90-A7FA40832F6C}.Debug|Any CPU.ActiveCfg = Debug|Any CPU
		{1CE1864F-75BB-4F47-9B90-A7FA40832F6C}.Debug|Any CPU.Build.0 = Debug|Any CPU
		{1CE1864F-75BB-4F47-9B90-A7FA40832F6C}.Release|Any CPU.ActiveCfg = Release|Any CPU
		{1CE1864F-75BB-4F47-9B90-A7FA40832F6C}.Release|Any CPU.Build.0 = Release|Any CPU
		{19692AC2-8391-4832-ABB6-9E13059E015C}.Debug|Any CPU.ActiveCfg = Debug|Any CPU
		{19692AC2-8391-4832-ABB6-9E13059E015C}.Debug|Any CPU.Build.0 = Debug|Any CPU
		{19692AC2-8391-4832-ABB6-9E13059E015C}.Release|Any CPU.ActiveCfg = Release|Any CPU
		{19692AC2-8391-4832-ABB6-9E13059E015C}.Release|Any CPU.Build.0 = Release|Any CPU
		{68AE749C-1EF1-48F1-891B-A984672050C7}.Debug|Any CPU.ActiveCfg = Debug|Any CPU
		{68AE749C-1EF1-48F1-891B-A984672050C7}.Debug|Any CPU.Build.0 = Debug|Any CPU
		{68AE749C-1EF1-48F1-891B-A984672050C7}.Release|Any CPU.ActiveCfg = Release|Any CPU
		{68AE749C-1EF1-48F1-891B-A984672050C7}.Release|Any CPU.Build.0 = Release|Any CPU
	EndGlobalSection
	GlobalSection(SolutionProperties) = preSolution
		HideSolutionNode = FALSE
	EndGlobalSection
	GlobalSection(NestedProjects) = preSolution
		{F39EC03C-09D6-4C85-A62C-DEAC3718D73D} = {C56D4486-D4EE-4CD8-BCBD-3F664F2039ED}
		{1A4D3F26-C4D2-4A11-97D4-13CCCE556B94} = {C56D4486-D4EE-4CD8-BCBD-3F664F2039ED}
		{D55C35CF-9E52-4CEB-928D-E08E97946DA6} = {C56D4486-D4EE-4CD8-BCBD-3F664F2039ED}
		{F9ACD98E-17CF-42E6-9526-791B9AC63688} = {C56D4486-D4EE-4CD8-BCBD-3F664F2039ED}
		{1CE1864F-75BB-4F47-9B90-A7FA40832F6C} = {C56D4486-D4EE-4CD8-BCBD-3F664F2039ED}
		{19692AC2-8391-4832-ABB6-9E13059E015C} = {09B17343-0D24-42E5-BC09-5521A87787A4}
		{68AE749C-1EF1-48F1-891B-A984672050C7} = {C56D4486-D4EE-4CD8-BCBD-3F664F2039ED}
	EndGlobalSection
	GlobalSection(ExtensibilityGlobals) = postSolution
		SolutionGuid = {63014DD9-7F19-4C5F-B14D-75424BAD4326}
	EndGlobalSection
EndGlobal
